// !$*UTF8*$!
{
	archiveVersion = 1;
	classes = {
	};
	objectVersion = 77;
	objects = {

/* Begin PBXBuildFile section */
		047530802FA30E4000AD5B35 /* ComposableArchitecture in Frameworks */ = {isa = PBXBuildFile; productRef = AA000002AAAA000200000001 /* ComposableArchitecture */; };
		AA000001AAAA000100000001 /* ComposableArchitecture in Frameworks */ = {isa = PBXBuildFile; productRef = AA000002AAAA000200000001 /* ComposableArchitecture */; };
		AA000003AAAA000300000001 /* ComposableArchitecture in Frameworks */ = {isa = PBXBuildFile; productRef = AA000002AAAA000200000001 /* ComposableArchitecture */; };
		AA000004AAAA000400000001 /* Dependencies in Frameworks */ = {isa = PBXBuildFile; productRef = AA000013AAAA001300000001 /* Dependencies */; };
		AA000005AAAA000500000001 /* Dependencies in Frameworks */ = {isa = PBXBuildFile; productRef = AA000013AAAA001300000001 /* Dependencies */; };
		AA000006AAAA000600000001 /* Dependencies in Frameworks */ = {isa = PBXBuildFile; productRef = AA000013AAAA001300000001 /* Dependencies */; };
		AA000007AAAA000700000001 /* CasePathsCore in Frameworks */ = {isa = PBXBuildFile; productRef = AA000014AAAA001400000001 /* CasePathsCore */; };
		AA000008AAAA000800000001 /* CasePathsCore in Frameworks */ = {isa = PBXBuildFile; productRef = AA000014AAAA001400000001 /* CasePathsCore */; };
		AA000009AAAA000900000001 /* CasePathsCore in Frameworks */ = {isa = PBXBuildFile; productRef = AA000014AAAA001400000001 /* CasePathsCore */; };
		AA00000AAAAA000A00000001 /* ConcurrencyExtras in Frameworks */ = {isa = PBXBuildFile; productRef = AA000015AAAA001500000001 /* ConcurrencyExtras */; };
		AA00000BAAAA000B00000001 /* ConcurrencyExtras in Frameworks */ = {isa = PBXBuildFile; productRef = AA000015AAAA001500000001 /* ConcurrencyExtras */; };
		AA00000CAAAA000C00000001 /* ConcurrencyExtras in Frameworks */ = {isa = PBXBuildFile; productRef = AA000015AAAA001500000001 /* ConcurrencyExtras */; };
		AA000016AAAA001600000001 /* GRDB in Frameworks */ = {isa = PBXBuildFile; productRef = AA000017AAAA001700000001 /* GRDB */; };
		BB000001BBBB000100000001 /* BIRGECore in Frameworks */ = {isa = PBXBuildFile; productRef = BB000004BBBB000400000001 /* BIRGECore */; };
		BB000002BBBB000200000001 /* BIRGECore in Frameworks */ = {isa = PBXBuildFile; productRef = BB000005BBBB000500000001 /* BIRGECore */; };
		BB000003BBBB000300000001 /* BIRGECore in Frameworks */ = {isa = PBXBuildFile; productRef = BB000006BBBB000600000001 /* BIRGECore */; };
/* End PBXBuildFile section */

/* Begin PBXContainerItemProxy section */
		048333732FA5477B00A422DE /* PBXContainerItemProxy */ = {
			isa = PBXContainerItemProxy;
			containerPortal = 04F296372F99196C0067DB5A /* Project object */;
			proxyType = 1;
			remoteGlobalIDString = 04F2963E2F99196C0067DB5A;
			remoteInfo = BIRGEPassenger;
		};
/* End PBXContainerItemProxy section */

/* Begin PBXFileReference section */
		0427344A2F9944B700941261 /* BIRGECore */ = {isa = PBXFileReference; lastKnownFileType = wrapper; path = BIRGECore; sourceTree = "<group>"; };
		0483336F2FA5477B00A422DE /* BIRGEPassengerTests.xctest */ = {isa = PBXFileReference; explicitFileType = wrapper.cfbundle; includeInIndex = 0; path = BIRGEPassengerTests.xctest; sourceTree = BUILT_PRODUCTS_DIR; };
		048333DA2FA555C100A422DE /* BIRGEPassenger.xctestplan */ = {isa = PBXFileReference; lastKnownFileType = text; path = BIRGEPassenger.xctestplan; sourceTree = "<group>"; };
		04F2963F2F99196C0067DB5A /* BIRGEPassenger.app */ = {isa = PBXFileReference; explicitFileType = wrapper.application; includeInIndex = 0; path = BIRGEPassenger.app; sourceTree = BUILT_PRODUCTS_DIR; };
		04F296512F991CEA0067DB5A /* BIRGEDriver.app */ = {isa = PBXFileReference; explicitFileType = wrapper.application; includeInIndex = 0; path = BIRGEDriver.app; sourceTree = BUILT_PRODUCTS_DIR; };
/* End PBXFileReference section */

/* Begin PBXFileSystemSynchronizedRootGroup section */
		048333702FA5477B00A422DE /* BIRGEPassengerTests */ = {
			isa = PBXFileSystemSynchronizedRootGroup;
			path = BIRGEPassengerTests;
			sourceTree = "<group>";
		};
		04F296412F99196C0067DB5A /* BIRGEPassenger */ = {
			isa = PBXFileSystemSynchronizedRootGroup;
			path = BIRGEPassenger;
			sourceTree = "<group>";
		};
		04F296522F991CEA0067DB5A /* BIRGEDriver */ = {
			isa = PBXFileSystemSynchronizedRootGroup;
			path = BIRGEDriver;
			sourceTree = "<group>";
		};
/* End PBXFileSystemSynchronizedRootGroup section */

/* Begin PBXFrameworksBuildPhase section */
		0483336C2FA5477B00A422DE /* Frameworks */ = {
			isa = PBXFrameworksBuildPhase;
			buildActionMask = 2147483647;
			files = (
				AA000006AAAA000600000001 /* Dependencies in Frameworks */,
				AA000009AAAA000900000001 /* CasePathsCore in Frameworks */,
				AA00000CAAAA000C00000001 /* ConcurrencyExtras in Frameworks */,
				AA000003AAAA000300000001 /* ComposableArchitecture in Frameworks */,
				AA000016AAAA001600000001 /* GRDB in Frameworks */,
				BB000001BBBB000100000001 /* BIRGECore in Frameworks */,
			);
			runOnlyForDeploymentPostprocessing = 0;
		};
		04F2963C2F99196C0067DB5A /* Frameworks */ = {
			isa = PBXFrameworksBuildPhase;
			buildActionMask = 2147483647;
			files = (
				AA000004AAAA000400000001 /* Dependencies in Frameworks */,
				AA000007AAAA000700000001 /* CasePathsCore in Frameworks */,
				AA00000AAAAA000A00000001 /* ConcurrencyExtras in Frameworks */,
				AA000001AAAA000100000001 /* ComposableArchitecture in Frameworks */,
				BB000002BBBB000200000001 /* BIRGECore in Frameworks */,
			);
			runOnlyForDeploymentPostprocessing = 0;
		};
		04F2964E2F991CEA0067DB5A /* Frameworks */ = {
			isa = PBXFrameworksBuildPhase;
			buildActionMask = 2147483647;
			files = (
				AA000005AAAA000500000001 /* Dependencies in Frameworks */,
				AA000008AAAA000800000001 /* CasePathsCore in Frameworks */,
				AA00000BAAAA000B00000001 /* ConcurrencyExtras in Frameworks */,
				047530802FA30E4000AD5B35 /* ComposableArchitecture in Frameworks */,
				BB000003BBBB000300000001 /* BIRGECore in Frameworks */,
			);
			runOnlyForDeploymentPostprocessing = 0;
		};
/* End PBXFrameworksBuildPhase section */

/* Begin PBXGroup section */
		048333DB2FA5589B00A422DE /* Frameworks */ = {
			isa = PBXGroup;
			children = (
			);
			name = Frameworks;
			sourceTree = "<group>";
		};
		04F296362F99196C0067DB5A = {
			isa = PBXGroup;
			children = (
				048333DA2FA555C100A422DE /* BIRGEPassenger.xctestplan */,
				0427344A2F9944B700941261 /* BIRGECore */,
				04F296412F99196C0067DB5A /* BIRGEPassenger */,
				04F296522F991CEA0067DB5A /* BIRGEDriver */,
				048333702FA5477B00A422DE /* BIRGEPassengerTests */,
				048333DB2FA5589B00A422DE /* Frameworks */,
				04F296402F99196C0067DB5A /* Products */,
			);
			sourceTree = "<group>";
		};
		04F296402F99196C0067DB5A /* Products */ = {
			isa = PBXGroup;
			children = (
				04F2963F2F99196C0067DB5A /* BIRGEPassenger.app */,
				04F296512F991CEA0067DB5A /* BIRGEDriver.app */,
				0483336F2FA5477B00A422DE /* BIRGEPassengerTests.xctest */,
			);
			name = Products;
			sourceTree = "<group>";
		};
/* End PBXGroup section */

/* Begin PBXNativeTarget section */
		0483336E2FA5477B00A422DE /* BIRGEPassengerTests */ = {
			isa = PBXNativeTarget;
			buildConfigurationList = 048333772FA5477C00A422DE /* Build configuration list for PBXNativeTarget "BIRGEPassengerTests" */;
			buildPhases = (
				0483336B2FA5477B00A422DE /* Sources */,
				0483336C2FA5477B00A422DE /* Frameworks */,
				0483336D2FA5477B00A422DE /* Resources */,
			);
			buildRules = (
			);
			dependencies = (
				048333742FA5477B00A422DE /* PBXTargetDependency */,
			);
			fileSystemSynchronizedGroups = (
				048333702FA5477B00A422DE /* BIRGEPassengerTests */,
			);
			name = BIRGEPassengerTests;
			packageProductDependencies = (
				AA000002AAAA000200000001 /* ComposableArchitecture */,
				AA000013AAAA001300000001 /* Dependencies */,
				AA000014AAAA001400000001 /* CasePathsCore */,
				AA000015AAAA001500000001 /* ConcurrencyExtras */,
				AA000017AAAA001700000001 /* GRDB */,
				BB000004BBBB000400000001 /* BIRGECore */,
			);
			productName = BIRGEPassengerTests;
			productReference = 0483336F2FA5477B00A422DE /* BIRGEPassengerTests.xctest */;
			productType = "com.apple.product-type.bundle.unit-test";
		};
		04F2963E2F99196C0067DB5A /* BIRGEPassenger */ = {
			isa = PBXNativeTarget;
			buildConfigurationList = 04F2964A2F99196E0067DB5A /* Build configuration list for PBXNativeTarget "BIRGEPassenger" */;
			buildPhases = (
				04F2963B2F99196C0067DB5A /* Sources */,
				04F2963C2F99196C0067DB5A /* Frameworks */,
				04F2963D2F99196C0067DB5A /* Resources */,
			);
			buildRules = (
			);
			dependencies = (
			);
			fileSystemSynchronizedGroups = (
				04F296412F99196C0067DB5A /* BIRGEPassenger */,
			);
			name = BIRGEPassenger;
			packageProductDependencies = (
				AA000002AAAA000200000001 /* ComposableArchitecture */,
				AA000013AAAA001300000001 /* Dependencies */,
				AA000014AAAA001400000001 /* CasePathsCore */,
				AA000015AAAA001500000001 /* ConcurrencyExtras */,
				BB000005BBBB000500000001 /* BIRGECore */,
			);
			productName = BIRGEPassenger;
			productReference = 04F2963F2F99196C0067DB5A /* BIRGEPassenger.app */;
			productType = "com.apple.product-type.application";
		};
		04F296502F991CEA0067DB5A /* BIRGEDriver */ = {
			isa = PBXNativeTarget;
			buildConfigurationList = 04F296592F991CEC0067DB5A /* Build configuration list for PBXNativeTarget "BIRGEDriver" */;
			buildPhases = (
				04F2964D2F991CEA0067DB5A /* Sources */,
				04F2964E2F991CEA0067DB5A /* Frameworks */,
				04F2964F2F991CEA0067DB5A /* Resources */,
			);
			buildRules = (
			);
			dependencies = (
			);
			fileSystemSynchronizedGroups = (
				04F296522F991CEA0067DB5A /* BIRGEDriver */,
			);
			name = BIRGEDriver;
			packageProductDependencies = (
				AA000002AAAA000200000001 /* ComposableArchitecture */,
				AA000013AAAA001300000001 /* Dependencies */,
				AA000014AAAA001400000001 /* CasePathsCore */,
				AA000015AAAA001500000001 /* ConcurrencyExtras */,
				BB000006BBBB000600000001 /* BIRGECore */,
			);
			productName = BIRGEDriver;
			productReference = 04F296512F991CEA0067DB5A /* BIRGEDriver.app */;
			productType = "com.apple.product-type.application";
		};
/* End PBXNativeTarget section */

/* Begin PBXProject section */
		04F296372F99196C0067DB5A /* Project object */ = {
			isa = PBXProject;
			attributes = {
				BuildIndependentTargetsInParallel = 1;
				LastSwiftUpdateCheck = 2640;
				LastUpgradeCheck = 2640;
				TargetAttributes = {
					0483336E2FA5477B00A422DE = {
						CreatedOnToolsVersion = 26.4.1;
						TestTargetID = 04F2963E2F99196C0067DB5A;
					};
					04F2963E2F99196C0067DB5A = {
						CreatedOnToolsVersion = 26.4.1;
					};
					04F296502F991CEA0067DB5A = {
						CreatedOnToolsVersion = 26.4.1;
					};
				};
			};
			buildConfigurationList = 04F2963A2F99196C0067DB5A /* Build configuration list for PBXProject "BIRGEPassenger" */;
			developmentRegion = en;
			hasScannedForEncodings = 0;
			knownRegions = (
				en,
				Base,
			);
			mainGroup = 04F296362F99196C0067DB5A;
			minimizedProjectReferenceProxies = 1;
			packageReferences = (
				04F2965C2F991EC50067DB5A /* XCRemoteSwiftPackageReference "swift-composable-architecture" */,
				AA000010AAAA001000000001 /* XCRemoteSwiftPackageReference "swift-dependencies" */,
				AA000011AAAA001100000001 /* XCRemoteSwiftPackageReference "swift-case-paths" */,
				AA000012AAAA001200000001 /* XCRemoteSwiftPackageReference "swift-concurrency-extras" */,
				04F2965D2F992F730067DB5A /* XCRemoteSwiftPackageReference "GRDB" */,
			);
			preferredProjectObjectVersion = 77;
			productRefGroup = 04F296402F99196C0067DB5A /* Products */;
			projectDirPath = "";
			projectRoot = "";
			targets = (
				04F2963E2F99196C0067DB5A /* BIRGEPassenger */,
				04F296502F991CEA0067DB5A /* BIRGEDriver */,
				0483336E2FA5477B00A422DE /* BIRGEPassengerTests */,
			);
		};
/* End PBXProject section */

/* Begin PBXResourcesBuildPhase section */
		0483336D2FA5477B00A422DE /* Resources */ = {
			isa = PBXResourcesBuildPhase;
			buildActionMask = 2147483647;
			files = (
			);
			runOnlyForDeploymentPostprocessing = 0;
		};
		04F2963D2F99196C0067DB5A /* Resources */ = {
			isa = PBXResourcesBuildPhase;
			buildActionMask = 2147483647;
			files = (
			);
			runOnlyForDeploymentPostprocessing = 0;
		};
		04F2964F2F991CEA0067DB5A /* Resources */ = {
			isa = PBXResourcesBuildPhase;
			buildActionMask = 2147483647;
			files = (
			);
			runOnlyForDeploymentPostprocessing = 0;
		};
/* End PBXResourcesBuildPhase section */

/* Begin PBXSourcesBuildPhase section */
		0483336B2FA5477B00A422DE /* Sources */ = {
			isa = PBXSourcesBuildPhase;
			buildActionMask = 2147483647;
			files = (
			);
			runOnlyForDeploymentPostprocessing = 0;
		};
		04F2963B2F99196C0067DB5A /* Sources */ = {
			isa = PBXSourcesBuildPhase;
			buildActionMask = 2147483647;
			files = (
			);
			runOnlyForDeploymentPostprocessing = 0;
		};
		04F2964D2F991CEA0067DB5A /* Sources */ = {
			isa = PBXSourcesBuildPhase;
			buildActionMask = 2147483647;
			files = (
			);
			runOnlyForDeploymentPostprocessing = 0;
		};
/* End PBXSourcesBuildPhase section */

/* Begin PBXTargetDependency section */
		048333742FA5477B00A422DE /* PBXTargetDependency */ = {
			isa = PBXTargetDependency;
			target = 04F2963E2F99196C0067DB5A /* BIRGEPassenger */;
			targetProxy = 048333732FA5477B00A422DE /* PBXContainerItemProxy */;
		};
/* End PBXTargetDependency section */

/* Begin XCBuildConfiguration section */
		048333752FA5477C00A422DE /* Debug */ = {
			isa = XCBuildConfiguration;
			buildSettings = {
				BUNDLE_LOADER = "$(TEST_HOST)";
				CODE_SIGN_STYLE = Automatic;
				CURRENT_PROJECT_VERSION = 1;
				DEVELOPMENT_TEAM = YT2W57F27G;
				GENERATE_INFOPLIST_FILE = YES;
				MARKETING_VERSION = 1.0;
				PRODUCT_BUNDLE_IDENTIFIER = arsen.abdukhalyk.BIRGEPassengerTests;
				PRODUCT_NAME = "$(TARGET_NAME)";
				STRING_CATALOG_GENERATE_SYMBOLS = NO;
				SWIFT_APPROACHABLE_CONCURRENCY = YES;
				SWIFT_EMIT_LOC_STRINGS = NO;
				SWIFT_UPCOMING_FEATURE_MEMBER_IMPORT_VISIBILITY = YES;
				SWIFT_VERSION = 5.0;
				TARGETED_DEVICE_FAMILY = "1,2";
				TEST_HOST = "$(BUILT_PRODUCTS_DIR)/BIRGEPassenger.app/$(BUNDLE_EXECUTABLE_FOLDER_PATH)/BIRGEPassenger";
			};
			name = Debug;
		};
		048333762FA5477C00A422DE /* Release */ = {
			isa = XCBuildConfiguration;
			buildSettings = {
				BUNDLE_LOADER = "$(TEST_HOST)";
				CODE_SIGN_STYLE = Automatic;
				CURRENT_PROJECT_VERSION = 1;
				DEVELOPMENT_TEAM = YT2W57F27G;
				GENERATE_INFOPLIST_FILE = YES;
				MARKETING_VERSION = 1.0;
				PRODUCT_BUNDLE_IDENTIFIER = arsen.abdukhalyk.BIRGEPassengerTests;
				PRODUCT_NAME = "$(TARGET_NAME)";
				STRING_CATALOG_GENERATE_SYMBOLS = NO;
				SWIFT_APPROACHABLE_CONCURRENCY = YES;
				SWIFT_EMIT_LOC_STRINGS = NO;
				SWIFT_UPCOMING_FEATURE_MEMBER_IMPORT_VISIBILITY = YES;
				SWIFT_VERSION = 5.0;
				TARGETED_DEVICE_FAMILY = "1,2";
				TEST_HOST = "$(BUILT_PRODUCTS_DIR)/BIRGEPassenger.app/$(BUNDLE_EXECUTABLE_FOLDER_PATH)/BIRGEPassenger";
			};
			name = Release;
		};
		04F296482F99196E0067DB5A /* Debug */ = {
			isa = XCBuildConfiguration;
			buildSettings = {
				ALWAYS_SEARCH_USER_PATHS = NO;
				ASSETCATALOG_COMPILER_GENERATE_SWIFT_ASSET_SYMBOL_EXTENSIONS = YES;
				CLANG_ANALYZER_NONNULL = YES;
				CLANG_ANALYZER_NUMBER_OBJECT_CONVERSION = YES_AGGRESSIVE;
				CLANG_CXX_LANGUAGE_STANDARD = "gnu++20";
				CLANG_ENABLE_MODULES = YES;
				CLANG_ENABLE_OBJC_ARC = YES;
				CLANG_ENABLE_OBJC_WEAK = YES;
				CLANG_WARN_BLOCK_CAPTURE_AUTORELEASING = YES;
				CLANG_WARN_BOOL_CONVERSION = YES;
				CLANG_WARN_COMMA = YES;
				CLANG_WARN_CONSTANT_CONVERSION = YES;
				CLANG_WARN_DEPRECATED_OBJC_IMPLEMENTATIONS = YES;
				CLANG_WARN_DIRECT_OBJC_ISA_USAGE = YES_ERROR;
				CLANG_WARN_DOCUMENTATION_COMMENTS = YES;
				CLANG_WARN_EMPTY_BODY = YES;
				CLANG_WARN_ENUM_CONVERSION = YES;
				CLANG_WARN_INFINITE_RECURSION = YES;
				CLANG_WARN_INT_CONVERSION = YES;
				CLANG_WARN_NON_LITERAL_NULL_CONVERSION = YES;
				CLANG_WARN_OBJC_IMPLICIT_RETAIN_SELF = YES;
				CLANG_WARN_OBJC_LITERAL_CONVERSION = YES;
				CLANG_WARN_OBJC_ROOT_CLASS = YES_ERROR;
				CLANG_WARN_QUOTED_INCLUDE_IN_FRAMEWORK_HEADER = YES;
				CLANG_WARN_RANGE_LOOP_ANALYSIS = YES;
				CLANG_WARN_STRICT_PROTOTYPES = YES;
				CLANG_WARN_SUSPICIOUS_MOVE = YES;
				CLANG_WARN_UNGUARDED_AVAILABILITY = YES_AGGRESSIVE;
				CLANG_WARN_UNREACHABLE_CODE = YES;
				CLANG_WARN__DUPLICATE_METHOD_MATCH = YES;
				COPY_PHASE_STRIP = NO;
				DEBUG_INFORMATION_FORMAT = dwarf;
				DEVELOPMENT_TEAM = YT2W57F27G;
				ENABLE_STRICT_OBJC_MSGSEND = YES;
				ENABLE_TESTABILITY = YES;
				ENABLE_USER_SCRIPT_SANDBOXING = YES;
				GCC_C_LANGUAGE_STANDARD = gnu17;
				GCC_DYNAMIC_NO_PIC = NO;
				GCC_NO_COMMON_BLOCKS = YES;
				GCC_OPTIMIZATION_LEVEL = 0;
				GCC_PREPROCESSOR_DEFINITIONS = (
					"DEBUG=1",
					"$(inherited)",
				);
				GCC_WARN_64_TO_32_BIT_CONVERSION = YES;
				GCC_WARN_ABOUT_RETURN_TYPE = YES_ERROR;
				GCC_WARN_UNDECLARED_SELECTOR = YES;
				GCC_WARN_UNINITIALIZED_AUTOS = YES_AGGRESSIVE;
				GCC_WARN_UNUSED_FUNCTION = YES;
				GCC_WARN_UNUSED_VARIABLE = YES;
				IPHONEOS_DEPLOYMENT_TARGET = 26.4;
				LOCALIZATION_PREFERS_STRING_CATALOGS = YES;
				MTL_ENABLE_DEBUG_INFO = INCLUDE_SOURCE;
				MTL_FAST_MATH = YES;
				ONLY_ACTIVE_ARCH = YES;
				SDKROOT = iphoneos;
				SWIFT_ACTIVE_COMPILATION_CONDITIONS = "DEBUG $(inherited)";
				SWIFT_OPTIMIZATION_LEVEL = "-Onone";
			};
			name = Debug;
		};
		04F296492F99196E0067DB5A /* Release */ = {
			isa = XCBuildConfiguration;
			buildSettings = {
				ALWAYS_SEARCH_USER_PATHS = NO;
				ASSETCATALOG_COMPILER_GENERATE_SWIFT_ASSET_SYMBOL_EXTENSIONS = YES;
				CLANG_ANALYZER_NONNULL = YES;
				CLANG_ANALYZER_NUMBER_OBJECT_CONVERSION = YES_AGGRESSIVE;
				CLANG_CXX_LANGUAGE_STANDARD = "gnu++20";
				CLANG_ENABLE_MODULES = YES;
				CLANG_ENABLE_OBJC_ARC = YES;
				CLANG_ENABLE_OBJC_WEAK = YES;
				CLANG_WARN_BLOCK_CAPTURE_AUTORELEASING = YES;
				CLANG_WARN_BOOL_CONVERSION = YES;
				CLANG_WARN_COMMA = YES;
				CLANG_WARN_CONSTANT_CONVERSION = YES;
				CLANG_WARN_DEPRECATED_OBJC_IMPLEMENTATIONS = YES;
				CLANG_WARN_DIRECT_OBJC_ISA_USAGE = YES_ERROR;
				CLANG_WARN_DOCUMENTATION_COMMENTS = YES;
				CLANG_WARN_EMPTY_BODY = YES;
				CLANG_WARN_ENUM_CONVERSION = YES;
				CLANG_WARN_INFINITE_RECURSION = YES;
				CLANG_WARN_INT_CONVERSION = YES;
				CLANG_WARN_NON_LITERAL_NULL_CONVERSION = YES;
				CLANG_WARN_OBJC_IMPLICIT_RETAIN_SELF = YES;
				CLANG_WARN_OBJC_LITERAL_CONVERSION = YES;
				CLANG_WARN_OBJC_ROOT_CLASS = YES_ERROR;
				CLANG_WARN_QUOTED_INCLUDE_IN_FRAMEWORK_HEADER = YES;
				CLANG_WARN_RANGE_LOOP_ANALYSIS = YES;
				CLANG_WARN_STRICT_PROTOTYPES = YES;
				CLANG_WARN_SUSPICIOUS_MOVE = YES;
				CLANG_WARN_UNGUARDED_AVAILABILITY = YES_AGGRESSIVE;
				CLANG_WARN_UNREACHABLE_CODE = YES;
				CLANG_WARN__DUPLICATE_METHOD_MATCH = YES;
				COPY_PHASE_STRIP = NO;
				DEBUG_INFORMATION_FORMAT = "dwarf-with-dsym";
				DEVELOPMENT_TEAM = YT2W57F27G;
				ENABLE_NS_ASSERTIONS = NO;
				ENABLE_STRICT_OBJC_MSGSEND = YES;
				ENABLE_USER_SCRIPT_SANDBOXING = YES;
				GCC_C_LANGUAGE_STANDARD = gnu17;
				GCC_NO_COMMON_BLOCKS = YES;
				GCC_WARN_64_TO_32_BIT_CONVERSION = YES;
				GCC_WARN_ABOUT_RETURN_TYPE = YES_ERROR;
				GCC_WARN_UNDECLARED_SELECTOR = YES;
				GCC_WARN_UNINITIALIZED_AUTOS = YES_AGGRESSIVE;
				GCC_WARN_UNUSED_FUNCTION = YES;
				GCC_WARN_UNUSED_VARIABLE = YES;
				IPHONEOS_DEPLOYMENT_TARGET = 26.4;
				LOCALIZATION_PREFERS_STRING_CATALOGS = YES;
				MTL_ENABLE_DEBUG_INFO = NO;
				MTL_FAST_MATH = YES;
				SDKROOT = iphoneos;
				SWIFT_COMPILATION_MODE = wholemodule;
				VALIDATE_PRODUCT = YES;
			};
			name = Release;
		};
		04F2964B2F99196E0067DB5A /* Debug */ = {
			isa = XCBuildConfiguration;
			buildSettings = {
				ASSETCATALOG_COMPILER_APPICON_NAME = AppIcon;
				ASSETCATALOG_COMPILER_GLOBAL_ACCENT_COLOR_NAME = AccentColor;
				CODE_SIGN_STYLE = Automatic;
				CURRENT_PROJECT_VERSION = 1;
				DEVELOPMENT_TEAM = YT2W57F27G;
				ENABLE_PREVIEWS = YES;
				GENERATE_INFOPLIST_FILE = YES;
				INFOPLIST_KEY_NSLocationWhenInUseUsageDescription = "BIRGE uses your location to provide nearby rides, pickup coordination, and navigation.";
				INFOPLIST_KEY_UIApplicationSceneManifest_Generation = YES;
				INFOPLIST_KEY_UIApplicationSupportsIndirectInputEvents = YES;
				INFOPLIST_KEY_UILaunchScreen_Generation = YES;
				INFOPLIST_KEY_UISupportedInterfaceOrientations_iPad = "UIInterfaceOrientationPortrait UIInterfaceOrientationPortraitUpsideDown UIInterfaceOrientationLandscapeLeft UIInterfaceOrientationLandscapeRight";
				INFOPLIST_KEY_UISupportedInterfaceOrientations_iPhone = "UIInterfaceOrientationPortrait UIInterfaceOrientationLandscapeLeft UIInterfaceOrientationLandscapeRight";
				LD_RUNPATH_SEARCH_PATHS = (
					"$(inherited)",
					"@executable_path/Frameworks",
				);
				MARKETING_VERSION = 1.0;
				PRODUCT_BUNDLE_IDENTIFIER = arsen.abdukhalyk.BIRGEPassenger;
				PRODUCT_NAME = "$(TARGET_NAME)";
				STRING_CATALOG_GENERATE_SYMBOLS = YES;
				SWIFT_APPROACHABLE_CONCURRENCY = YES;
				SWIFT_DEFAULT_ACTOR_ISOLATION = MainActor;
				SWIFT_EMIT_LOC_STRINGS = YES;
				SWIFT_UPCOMING_FEATURE_MEMBER_IMPORT_VISIBILITY = YES;
				SWIFT_VERSION = 5.0;
				TARGETED_DEVICE_FAMILY = "1,2";
			};
			name = Debug;
		};
		04F2964C2F99196E0067DB5A /* Release */ = {
			isa = XCBuildConfiguration;
			buildSettings = {
				ASSETCATALOG_COMPILER_APPICON_NAME = AppIcon;
				ASSETCATALOG_COMPILER_GLOBAL_ACCENT_COLOR_NAME = AccentColor;
				CODE_SIGN_STYLE = Automatic;
				CURRENT_PROJECT_VERSION = 1;
				DEVELOPMENT_TEAM = YT2W57F27G;
				ENABLE_PREVIEWS = YES;
				GENERATE_INFOPLIST_FILE = YES;
				INFOPLIST_KEY_NSLocationWhenInUseUsageDescription = "BIRGE uses your location to provide nearby rides, pickup coordination, and navigation.";
				INFOPLIST_KEY_UIApplicationSceneManifest_Generation = YES;
				INFOPLIST_KEY_UIApplicationSupportsIndirectInputEvents = YES;
				INFOPLIST_KEY_UILaunchScreen_Generation = YES;
				INFOPLIST_KEY_UISupportedInterfaceOrientations_iPad = "UIInterfaceOrientationPortrait UIInterfaceOrientationPortraitUpsideDown UIInterfaceOrientationLandscapeLeft UIInterfaceOrientationLandscapeRight";
				INFOPLIST_KEY_UISupportedInterfaceOrientations_iPhone = "UIInterfaceOrientationPortrait UIInterfaceOrientationLandscapeLeft UIInterfaceOrientationLandscapeRight";
				LD_RUNPATH_SEARCH_PATHS = (
					"$(inherited)",
					"@executable_path/Frameworks",
				);
				MARKETING_VERSION = 1.0;
				PRODUCT_BUNDLE_IDENTIFIER = arsen.abdukhalyk.BIRGEPassenger;
				PRODUCT_NAME = "$(TARGET_NAME)";
				STRING_CATALOG_GENERATE_SYMBOLS = YES;
				SWIFT_APPROACHABLE_CONCURRENCY = YES;
				SWIFT_DEFAULT_ACTOR_ISOLATION = MainActor;
				SWIFT_EMIT_LOC_STRINGS = YES;
				SWIFT_UPCOMING_FEATURE_MEMBER_IMPORT_VISIBILITY = YES;
				SWIFT_VERSION = 5.0;
				TARGETED_DEVICE_FAMILY = "1,2";
			};
			name = Release;
		};
		04F2965A2F991CEC0067DB5A /* Debug */ = {
			isa = XCBuildConfiguration;
			buildSettings = {
				ASSETCATALOG_COMPILER_APPICON_NAME = AppIcon;
				ASSETCATALOG_COMPILER_GLOBAL_ACCENT_COLOR_NAME = AccentColor;
				CODE_SIGN_STYLE = Automatic;
				CURRENT_PROJECT_VERSION = 1;
				DEVELOPMENT_TEAM = YT2W57F27G;
				ENABLE_PREVIEWS = YES;
				GENERATE_INFOPLIST_FILE = YES;
				INFOPLIST_KEY_NSLocationWhenInUseUsageDescription = "BIRGE uses your location to provide nearby rides, pickup coordination, and navigation.";
				INFOPLIST_KEY_UIApplicationSceneManifest_Generation = YES;
				INFOPLIST_KEY_UIApplicationSupportsIndirectInputEvents = YES;
				INFOPLIST_KEY_UILaunchScreen_Generation = YES;
				INFOPLIST_KEY_UISupportedInterfaceOrientations_iPad = "UIInterfaceOrientationPortrait UIInterfaceOrientationPortraitUpsideDown UIInterfaceOrientationLandscapeLeft UIInterfaceOrientationLandscapeRight";
				INFOPLIST_KEY_UISupportedInterfaceOrientations_iPhone = "UIInterfaceOrientationPortrait UIInterfaceOrientationLandscapeLeft UIInterfaceOrientationLandscapeRight";
				LD_RUNPATH_SEARCH_PATHS = (
					"$(inherited)",
					"@executable_path/Frameworks",
				);
				MARKETING_VERSION = 1.0;
				PRODUCT_BUNDLE_IDENTIFIER = arsen.abdukhalyk.BIRGEDriver;
				PRODUCT_NAME = "$(TARGET_NAME)";
				STRING_CATALOG_GENERATE_SYMBOLS = YES;
				SWIFT_APPROACHABLE_CONCURRENCY = YES;
				SWIFT_DEFAULT_ACTOR_ISOLATION = MainActor;
				SWIFT_EMIT_LOC_STRINGS = YES;
				SWIFT_UPCOMING_FEATURE_MEMBER_IMPORT_VISIBILITY = YES;
				SWIFT_VERSION = 5.0;
				TARGETED_DEVICE_FAMILY = "1,2";
			};
			name = Debug;
		};
		04F2965B2F991CEC0067DB5A /* Release */ = {
			isa = XCBuildConfiguration;
			buildSettings = {
				ASSETCATALOG_COMPILER_APPICON_NAME = AppIcon;
				ASSETCATALOG_COMPILER_GLOBAL_ACCENT_COLOR_NAME = AccentColor;
				CODE_SIGN_STYLE = Automatic;
				CURRENT_PROJECT_VERSION = 1;
				DEVELOPMENT_TEAM = YT2W57F27G;
				ENABLE_PREVIEWS = YES;
				GENERATE_INFOPLIST_FILE = YES;
				INFOPLIST_KEY_NSLocationWhenInUseUsageDescription = "BIRGE uses your location to provide nearby rides, pickup coordination, and navigation.";
				INFOPLIST_KEY_UIApplicationSceneManifest_Generation = YES;
				INFOPLIST_KEY_UIApplicationSupportsIndirectInputEvents = YES;
				INFOPLIST_KEY_UILaunchScreen_Generation = YES;
				INFOPLIST_KEY_UISupportedInterfaceOrientations_iPad = "UIInterfaceOrientationPortrait UIInterfaceOrientationPortraitUpsideDown UIInterfaceOrientationLandscapeLeft UIInterfaceOrientationLandscapeRight";
				INFOPLIST_KEY_UISupportedInterfaceOrientations_iPhone = "UIInterfaceOrientationPortrait UIInterfaceOrientationLandscapeLeft UIInterfaceOrientationLandscapeRight";
				LD_RUNPATH_SEARCH_PATHS = (
					"$(inherited)",
					"@executable_path/Frameworks",
				);
				MARKETING_VERSION = 1.0;
				PRODUCT_BUNDLE_IDENTIFIER = arsen.abdukhalyk.BIRGEDriver;
				PRODUCT_NAME = "$(TARGET_NAME)";
				STRING_CATALOG_GENERATE_SYMBOLS = YES;
				SWIFT_APPROACHABLE_CONCURRENCY = YES;
				SWIFT_DEFAULT_ACTOR_ISOLATION = MainActor;
				SWIFT_EMIT_LOC_STRINGS = YES;
				SWIFT_UPCOMING_FEATURE_MEMBER_IMPORT_VISIBILITY = YES;
				SWIFT_VERSION = 5.0;
				TARGETED_DEVICE_FAMILY = "1,2";
			};
			name = Release;
		};
/* End XCBuildConfiguration section */

/* Begin XCConfigurationList section */
		048333772FA5477C00A422DE /* Build configuration list for PBXNativeTarget "BIRGEPassengerTests" */ = {
			isa = XCConfigurationList;
			buildConfigurations = (
				048333752FA5477C00A422DE /* Debug */,
				048333762FA5477C00A422DE /* Release */,
			);
			defaultConfigurationIsVisible = 0;
			defaultConfigurationName = Release;
		};
		04F2963A2F99196C0067DB5A /* Build configuration list for PBXProject "BIRGEPassenger" */ = {
			isa = XCConfigurationList;
			buildConfigurations = (
				04F296482F99196E0067DB5A /* Debug */,
				04F296492F99196E0067DB5A /* Release */,
			);
			defaultConfigurationIsVisible = 0;
			defaultConfigurationName = Release;
		};
		04F2964A2F99196E0067DB5A /* Build configuration list for PBXNativeTarget "BIRGEPassenger" */ = {
			isa = XCConfigurationList;
			buildConfigurations = (
				04F2964B2F99196E0067DB5A /* Debug */,
				04F2964C2F99196E0067DB5A /* Release */,
			);
			defaultConfigurationIsVisible = 0;
			defaultConfigurationName = Release;
		};
		04F296592F991CEC0067DB5A /* Build configuration list for PBXNativeTarget "BIRGEDriver" */ = {
			isa = XCConfigurationList;
			buildConfigurations = (
				04F2965A2F991CEC0067DB5A /* Debug */,
				04F2965B2F991CEC0067DB5A /* Release */,
			);
			defaultConfigurationIsVisible = 0;
			defaultConfigurationName = Release;
		};
/* End XCConfigurationList section */

/* Begin XCRemoteSwiftPackageReference section */
		04F2965C2F991EC50067DB5A /* XCRemoteSwiftPackageReference "swift-composable-architecture" */ = {
			isa = XCRemoteSwiftPackageReference;
			repositoryURL = "https://github.com/pointfreeco/swift-composable-architecture";
			requirement = {
				kind = upToNextMajorVersion;
				minimumVersion = 1.25.5;
			};
		};
		04F2965D2F992F730067DB5A /* XCRemoteSwiftPackageReference "GRDB" */ = {
			isa = XCRemoteSwiftPackageReference;
			repositoryURL = "https://github.com/groue/GRDB.swift";
			requirement = {
				branch = master;
				kind = branch;
			};
		};
		AA000010AAAA001000000001 /* XCRemoteSwiftPackageReference "swift-dependencies" */ = {
			isa = XCRemoteSwiftPackageReference;
			repositoryURL = "https://github.com/pointfreeco/swift-dependencies";
			requirement = {
				kind = upToNextMajorVersion;
				minimumVersion = 1.12.0;
			};
		};
		AA000011AAAA001100000001 /* XCRemoteSwiftPackageReference "swift-case-paths" */ = {
			isa = XCRemoteSwiftPackageReference;
			repositoryURL = "https://github.com/pointfreeco/swift-case-paths";
			requirement = {
				kind = upToNextMajorVersion;
				minimumVersion = 1.7.3;
			};
		};
		AA000012AAAA001200000001 /* XCRemoteSwiftPackageReference "swift-concurrency-extras" */ = {
			isa = XCRemoteSwiftPackageReference;
			repositoryURL = "https://github.com/pointfreeco/swift-concurrency-extras";
			requirement = {
				kind = upToNextMajorVersion;
				minimumVersion = 1.3.2;
			};
		};
/* End XCRemoteSwiftPackageReference section */

/* Begin XCSwiftPackageProductDependency section */
		AA000002AAAA000200000001 /* ComposableArchitecture */ = {
			isa = XCSwiftPackageProductDependency;
			package = 04F2965C2F991EC50067DB5A /* XCRemoteSwiftPackageReference "swift-composable-architecture" */;
			productName = ComposableArchitecture;
		};
		AA000013AAAA001300000001 /* Dependencies */ = {
			isa = XCSwiftPackageProductDependency;
			package = AA000010AAAA001000000001 /* XCRemoteSwiftPackageReference "swift-dependencies" */;
			productName = Dependencies;
		};
		AA000014AAAA001400000001 /* CasePathsCore */ = {
			isa = XCSwiftPackageProductDependency;
			package = AA000011AAAA001100000001 /* XCRemoteSwiftPackageReference "swift-case-paths" */;
			productName = CasePathsCore;
		};
		AA000015AAAA001500000001 /* ConcurrencyExtras */ = {
			isa = XCSwiftPackageProductDependency;
			package = AA000012AAAA001200000001 /* XCRemoteSwiftPackageReference "swift-concurrency-extras" */;
			productName = ConcurrencyExtras;
		};
		AA000017AAAA001700000001 /* GRDB */ = {
			isa = XCSwiftPackageProductDependency;
			package = 04F2965D2F992F730067DB5A /* XCRemoteSwiftPackageReference "GRDB" */;
			productName = GRDB;
		};
		BB000004BBBB000400000001 /* BIRGECore */ = {
			isa = XCSwiftPackageProductDependency;
			productName = BIRGECore;
		};
		BB000005BBBB000500000001 /* BIRGECore */ = {
			isa = XCSwiftPackageProductDependency;
			productName = BIRGECore;
		};
		BB000006BBBB000600000001 /* BIRGECore */ = {
			isa = XCSwiftPackageProductDependency;
			productName = BIRGECore;
		};
/* End XCSwiftPackageProductDependency section */
	};
	rootObject = 04F296372F99196C0067DB5A /* Project object */;
}
